// !$*UTF8*$!
{
	archiveVersion = 1;
	classes = {
	};
	objectVersion = 46;
	objects = {

/* Begin PBXBuildFile section */
		38B5F6AF1F33CBD3007F087C /* AppDelegate.swift in Sources */ = {isa = PBXBuildFile; fileRef = 38B5F6AE1F33CBD3007F087C /* AppDelegate.swift */; };
		38B5F6B11F33CBD3007F087C /* ViewController.swift in Sources */ = {isa = PBXBuildFile; fileRef = 38B5F6B01F33CBD3007F087C /* ViewController.swift */; };
		38B5F6B41F33CBD3007F087C /* Main.storyboard in Resources */ = {isa = PBXBuildFile; fileRef = 38B5F6B21F33CBD3007F087C /* Main.storyboard */; };
		38B5F6B61F33CBD3007F087C /* Assets.xcassets in Resources */ = {isa = PBXBuildFile; fileRef = 38B5F6B51F33CBD3007F087C /* Assets.xcassets */; };
		38B5F6B91F33CBD3007F087C /* LaunchScreen.storyboard in Resources */ = {isa = PBXBuildFile; fileRef = 38B5F6B71F33CBD3007F087C /* LaunchScreen.storyboard */; };
/* End PBXBuildFile section */

/* Begin PBXFileReference section */
		38B5F6AB1F33CBD3007F087C /* pixels.app */ = {isa = PBXFileReference; explicitFileType = wrapper.application; includeInIndex = 0; path = pixels.app; sourceTree = BUILT_PRODUCTS_DIR; };
		38B5F6AE1F33CBD3007F087C /* AppDelegate.swift */ = {isa = PBXFileReference; lastKnownFileType = sourcecode.swift; path = AppDelegate.swift; sourceTree = "<group>"; };
		38B5F6B01F33CBD3007F087C /* ViewController.swift */ = {isa = PBXFileReference; lastKnownFileType = sourcecode.swift; path = ViewController.swift; sourceTree = "<group>"; };
		38B5F6B31F33CBD3007F087C /* Base */ = {isa = PBXFileReference; lastKnownFileType = file.storyboard; name = Base; path = Base.lproj/Main.storyboard; sourceTree = "<group>"; };
		38B5F6B51F33CBD3007F087C /* Assets.xcassets */ = {isa = PBXFileReference; lastKnownFileType = folder.assetcatalog; path = Assets.xcassets; sourceTree = "<group>"; };
		38B5F6B81F33CBD3007F087C /* Base */ = {isa = PBXFileReference; lastKnownFileType = file.storyboard; name = Base; path = Base.lproj/LaunchScreen.storyboard; sourceTree = "<group>"; };
		38B5F6BA1F33CBD3007F087C /* Info.plist */ = {isa = PBXFileReference; lastKnownFileType = text.plist.xml; path = Info.plist; sourceTree = "<group>"; };
/* End PBXFileReference section */

/* Begin PBXFrameworksBuildPhase section */
		38B5F6A81F33CBD3007F087C /* Frameworks */ = {
			isa = PBXFrameworksBuildPhase;
			buildActionMask = 2147483647;
			files = (
			);
			runOnlyForDeploymentPostprocessing = 0;
		};
/* End PBXFrameworksBuildPhase section */

/* Begin PBXGroup section */
		38B5F6A21F33CBD3007F087C = {
			isa = PBXGroup;
			children = (
				38B5F6AD1F33CBD3007F087C /* pixels */,
				38B5F6AC1F33CBD3007F087C /* Products */,
			);
			sourceTree = "<group>";
		};
		38B5F6AC1F33CBD3007F087C /* Products */ = {
			isa = PBXGroup;
			children = (
				38B5F6AB1F33CBD3007F087C /* pixels.app */,
			);
			name = Products;
			sourceTree = "<group>";
		};
		38B5F6AD1F33CBD3007F087C /* pixels */ = {
			isa = PBXGroup;
			children = (
				38B5F6AE1F33CBD3007F087C /* AppDelegate.swift */,
				38B5F6B01F33CBD3007F087C /* ViewController.swift */,
				38B5F6B21F33CBD3007F087C /* Main.storyboard */,
				38B5F6B51F33CBD3007F087C /* Assets.xcassets */,
				38B5F6B71F33CBD3007F087C /* LaunchScreen.storyboard */,
				38B5F6BA1F33CBD3007F087C /* Info.plist */,
			);
			path = pixels;
			sourceTree = "<group>";
		};
/* End PBXGroup section */

/* Begin PBXNativeTarget section */
		38B5F6AA1F33CBD3007F087C /* pixels */ = {
			isa = PBXNativeTarget;
			buildConfigurationList = 38B5F6BD1F33CBD3007F087C /* Build configuration list for PBXNativeTarget "pixels" */;
			buildPhases = (
				38B5F6A71F33CBD3007F087C /* Sources */,
				38B5F6A81F33CBD3007F087C /* Frameworks */,
				38B5F6A91F33CBD3007F087C /* Resources */,
			);
			buildRules = (
			);
			dependencies = (
			);
			name = pixels;
			productName = pixels;
			productReference = 38B5F6AB1F33CBD3007F087C /* pixels.app */;
			productType = "com.apple.product-type.application";
		};
/* End PBXNativeTarget section */

/* Begin PBXProject section */
		38B5F6A31F33CBD3007F087C /* Project object */ = {
			isa = PBXProject;
			attributes = {
				LastSwiftUpdateCheck = 0830;
				LastUpgradeCheck = 0830;
				ORGANIZATIONNAME = "Caelan Dailey";
				TargetAttributes = {
					38B5F6AA1F33CBD3007F087C = {
						CreatedOnToolsVersion = 8.3.3;
						DevelopmentTeam = N3VBXEQWW6;
						ProvisioningStyle = Automatic;
					};
				};
			};
			buildConfigurationList = 38B5F6A61F33CBD3007F087C /* Build configuration list for PBXProject "pixels" */;
			compatibilityVersion = "Xcode 3.2";
			developmentRegion = English;
			hasScannedForEncodings = 0;
			knownRegions = (
				en,
				Base,
			);
			mainGroup = 38B5F6A21F33CBD3007F087C;
			productRefGroup = 38B5F6AC1F33CBD3007F087C /* Products */;
			projectDirPath = "";
			projectRoot = "";
			targets = (
				38B5F6AA1F33CBD3007F087C /* pixels */,
			);
		};
/* End PBXProject section */

/* Begin PBXResourcesBuildPhase section */
		38B5F6A91F33CBD3007F087C /* Resources */ = {
			isa = PBXResourcesBuildPhase;
			buildActionMask = 2147483647;
			files = (
				38B5F6B91F33CBD3007F087C /* LaunchScreen.storyboard in Resources */,
				38B5F6B61F33CBD3007F087C /* Assets.xcassets in Resources */,
				38B5F6B41F33CBD3007F087C /* Main.storyboard in Resources */,
			);
			runOnlyForDeploymentPostprocessing = 0;
		};
/* End PBXResourcesBuildPhase section */

/* Begin PBXSourcesBuildPhase section */
		38B5F6A71F33CBD3007F087C /* Sources */ = {
			isa = PBXSourcesBuildPhase;
			buildActionMask = 2147483647;
			files = (
				38B5F6B11F33CBD3007F087C /* ViewController.swift in Sources */,
				38B5F6AF1F33CBD3007F087C /* AppDelegate.swift in Sources */,
			);
			runOnlyForDeploymentPostprocessing = 0;
		};
/* End PBXSourcesBuildPhase section */

/* Begin PBXVariantGroup section */
		38B5F6B21F33CBD3007F087C /* Main.storyboard */ = {
			isa = PBXVariantGroup;
			children = (
				38B5F6B31F33CBD3007F087C /* Base */,
			);
			name = Main.storyboard;
			sourceTree = "<group>";
		};
		38B5F6B71F33CBD3007F087C /* LaunchScreen.storyboard */ = {
			isa = PBXVariantGroup;
			children = (
				38B5F6B81F33CBD3007F087C /* Base */,
			);
			name = LaunchScreen.storyboard;
			sourceTree = "<group>";
		};
/* End PBXVariantGroup section */

/* Begin XCBuildConfiguration section */
		38B5F6BB1F33CBD3007F087C /* Debug */ = {
			isa = XCBuildConfiguration;
			buildSettings = {
				ALWAYS_SEARCH_USER_PATHS = NO;
				CLANG_ANALYZER_NONNULL = YES;
				CLANG_ANALYZER_NUMBER_OBJECT_CONVERSION = YES_AGGRESSIVE;
				CLANG_CXX_LANGUAGE_STANDARD = "gnu++0x";
				CLANG_CXX_LIBRARY = "libc++";
				CLANG_ENABLE_MODULES = YES;
				CLANG_ENABLE_OBJC_ARC = YES;
				CLANG_WARN_BOOL_CONVERSION = YES;
				CLANG_WARN_CONSTANT_CONVERSION = YES;
				CLANG_WARN_DIRECT_OBJC_ISA_USAGE = YES_ERROR;
				CLANG_WARN_DOCUMENTATION_COMMENTS = YES;
				CLANG_WARN_EMPTY_BODY = YES;
				CLANG_WARN_ENUM_CONVERSION = YES;
				CLANG_WARN_INFINITE_RECURSION = YES;
				CLANG_WARN_INT_CONVERSION = YES;
				CLANG_WARN_OBJC_ROOT_CLASS = YES_ERROR;
				CLANG_WARN_SUSPICIOUS_MOVE = YES;
				CLANG_WARN_UNREACHABLE_CODE = YES;
				CLANG_WARN__DUPLICATE_METHOD_MATCH = YES;
				"CODE_SIGN_IDENTITY[sdk=iphoneos*]" = "iPhone Developer";
				COPY_PHASE_STRIP = NO;
				DEBUG_INFORMATION_FORMAT = dwarf;
				ENABLE_STRICT_OBJC_MSGSEND = YES;
				ENABLE_TESTABILITY = YES;
				GCC_C_LANGUAGE_STANDARD = gnu99;
				GCC_DYNAMIC_NO_PIC = NO;
				GCC_NO_COMMON_BLOCKS = YES;
				GCC_OPTIMIZATION_LEVEL = 0;
				GCC_PREPROCESSOR_DEFINITIONS = (
					"DEBUG=1",
					"$(inherited)",
				);
				GCC_WARN_64_TO_32_BIT_CONVERSION = YES;
				GCC_WARN_ABOUT_RETURN_TYPE = YES_ERROR;
				GCC_WARN_UNDECLARED_SELECTOR = YES;
				GCC_WARN_UNINITIALIZED_AUTOS = YES_AGGRESSIVE;
				GCC_WARN_UNUSED_FUNCTION = YES;
				GCC_WARN_UNUSED_VARIABLE = YES;
				IPHONEOS_DEPLOYMENT_TARGET = 10.3;
				MTL_ENABLE_DEBUG_INFO = YES;
				ONLY_ACTIVE_ARCH = YES;
				SDKROOT = iphoneos;
				SWIFT_ACTIVE_COMPILATION_CONDITIONS = DEBUG;
				SWIFT_OPTIMIZATION_LEVEL = "-Onone";
			};
			name = Debug;
		};
		38B5F6BC1F33CBD3007F087C /* Release */ = {
			isa = XCBuildConfiguration;
			buildSettings = {
				ALWAYS_SEARCH_USER_PATHS = NO;
				CLANG_ANALYZER_NONNULL = YES;
				CLANG_ANALYZER_NUMBER_OBJECT_CONVERSION = YES_AGGRESSIVE;
				CLANG_CXX_LANGUAGE_STANDARD = "gnu++0x";
				CLANG_CXX_LIBRARY = "libc++";
				CLANG_ENABLE_MODULES = YES;
				CLANG_ENABLE_OBJC_ARC = YES;
				CLANG_WARN_BOOL_CONVERSION = YES;
				CLANG_WARN_CONSTANT_CONVERSION = YES;
				CLANG_WARN_DIRECT_OBJC_ISA_USAGE = YES_ERROR;
				CLANG_WARN_DOCUMENTATION_COMMENTS = YES;
				CLANG_WARN_EMPTY_BODY = YES;
				CLANG_WARN_ENUM_CONVERSION = YES;
				CLANG_WARN_INFINITE_RECURSION = YES;
				CLANG_WARN_INT_CONVERSION = YES;
				CLANG_WARN_OBJC_ROOT_CLASS = YES_ERROR;
				CLANG_WARN_SUSPICIOUS_MOVE = YES;
				CLANG_WARN_UNREACHABLE_CODE = YES;
				CLANG_WARN__DUPLICATE_METHOD_MATCH = YES;
				"CODE_SIGN_IDENTITY[sdk=iphoneos*]" = "iPhone Developer";
				COPY_PHASE_STRIP = NO;
				DEBUG_INFORMATION_FORMAT = "dwarf-with-dsym";
				ENABLE_NS_ASSERTIONS = NO;
				ENABLE_STRICT_OBJC_MSGSEND = YES;
				GCC_C_LANGUAGE_STANDARD = gnu99;
				GCC_NO_COMMON_BLOCKS = YES;
				GCC_WARN_64_TO_32_BIT_CONVERSION = YES;
				GCC_WARN_ABOUT_RETURN_TYPE = YES_ERROR;
				GCC_WARN_UNDECLARED_SELECTOR = YES;
				GCC_WARN_UNINITIALIZED_AUTOS = YES_AGGRESSIVE;
				GCC_WARN_UNUSED_FUNCTION = YES;
				GCC_WARN_UNUSED_VARIABLE = YES;
				IPHONEOS_DEPLOYMENT_TARGET = 10.3;
				MTL_ENABLE_DEBUG_INFO = NO;
				SDKROOT = iphoneos;
				SWIFT_OPTIMIZATION_LEVEL = "-Owholemodule";
				VALIDATE_PRODUCT = YES;
			};
			name = Release;
		};
		38B5F6BE1F33CBD3007F087C /* Debug */ = {
			isa = XCBuildConfiguration;
			buildSettings = {
				ASSETCATALOG_COMPILER_APPICON_NAME = AppIcon;
				DEVELOPMENT_TEAM = N3VBXEQWW6;
				INFOPLIST_FILE = pixels/Info.plist;
				LD_RUNPATH_SEARCH_PATHS = "$(inherited) @executable_path/Frameworks";
				PRODUCT_BUNDLE_IDENTIFIER = csd.pixels;
				PRODUCT_NAME = "$(TARGET_NAME)";
				SWIFT_VERSION = 3.0;
			};
			name = Debug;
		};
		38B5F6BF1F33CBD3007F087C /* Release */ = {
			isa = XCBuildConfiguration;
			buildSettings = {
				ASSETCATALOG_COMPILER_APPICON_NAME = AppIcon;
				DEVELOPMENT_TEAM = N3VBXEQWW6;
				INFOPLIST_FILE = pixels/Info.plist;
				LD_RUNPATH_SEARCH_PATHS = "$(inherited) @executable_path/Frameworks";
				PRODUCT_BUNDLE_IDENTIFIER = csd.pixels;
				PRODUCT_NAME = "$(TARGET_NAME)";
				SWIFT_VERSION = 3.0;
			};
			name = Release;
		};
/* End XCBuildConfiguration section */

/* Begin XCConfigurationList section */
		38B5F6A61F33CBD3007F087C /* Build configuration list for PBXProject "pixels" */ = {
			isa = XCConfigurationList;
			buildConfigurations = (
				38B5F6BB1F33CBD3007F087C /* Debug */,
				38B5F6BC1F33CBD3007F087C /* Release */,
			);
			defaultConfigurationIsVisible = 0;
			defaultConfigurationName = Release;
		};
		38B5F6BD1F33CBD3007F087C /* Build configuration list for PBXNativeTarget "pixels" */ = {
			isa = XCConfigurationList;
			buildConfigurations = (
				38B5F6BE1F33CBD3007F087C /* Debug */,
				38B5F6BF1F33CBD3007F087C /* Release */,
			);
			defaultConfigurationIsVisible = 0;
		};
/* End XCConfigurationList section */
	};
	rootObject = 38B5F6A31F33CBD3007F087C /* Project object */;
}
